
Microsoft Visual Studio Solution File, Format Version 12.00
# Visual Studio Version 17
VisualStudioVersion = 17.7.34024.191
MinimumVisualStudioVersion = 10.0.40219.1
Project("{FAE04EC0-301F-11D3-BF4B-00C04F79EFBC}") = "Quick_Application1", "Quick_Application1\Quick_Application1.csproj", "{74B7A90A-6B48-42CA-8203-5088B4FE5F29}"
EndProject
Project("{FAE04EC0-301F-11D3-BF4B-00C04F79EFBC}") = "DAL", "DAL\DAL.csproj", "{19EEFDBC-6891-4124-B57A-57215D2411EE}"
EndProject
Global
	GlobalSection(SolutionConfigurationPlatforms) = preSolution
		Debug|Any CPU = Debug|Any CPU
		Release|Any CPU = Release|Any CPU
	EndGlobalSection
	GlobalSection(ProjectConfigurationPlatforms) = postSolution
		{74B7A90A-6B48-42CA-8203-5088B4FE5F29}.Debug|Any CPU.ActiveCfg = Debug|Any CPU
		{74B7A90A-6B48-42CA-8203-5088B4FE5F29}.Debug|Any CPU.Build.0 = Debug|Any CPU
		{74B7A90A-6B48-42CA-8203-5088B4FE5F29}.Release|Any CPU.ActiveCfg = Release|Any CPU
		{74B7A90A-6B48-42CA-8203-5088B4FE5F29}.Release|Any CPU.Build.0 = Release|Any CPU
		{19EEFDBC-6891-4124-B57A-57215D2411EE}.Debug|Any CPU.ActiveCfg = Debug|Any CPU
		{19EEFDBC-6891-4124-B57A-57215D2411EE}.Debug|Any CPU.Build.0 = Debug|Any CPU
		{19EEFDBC-6891-4124-B57A-57215D2411EE}.Release|Any CPU.ActiveCfg = Release|Any CPU
		{19EEFDBC-6891-4124-B57A-57215D2411EE}.Release|Any CPU.Build.0 = Release|Any CPU
	EndGlobalSection
	GlobalSection(SolutionProperties) = preSolution
		HideSolutionNode = FALSE
	EndGlobalSection
	GlobalSection(ExtensibilityGlobals) = postSolution
		SolutionGuid = {279C391A-4285-474D-BE57-91B2C55A7D11}
	EndGlobalSection
EndGlobal
